Microsoft Visual Studio Solution File, Format Version 11.00
# Visual Studio 2008

Project("{0FF2D211-01EC-FBBB-3324-82E3F9EF5507}") = "3DScanner", "Assembly-CSharp-firstpass.csproj", "{F1AFA355-5BE1-15B6-DB91-B5491633AFD3}"
EndProject
Project("{0FF2D211-01EC-FBBB-3324-82E3F9EF5507}") = "3DScanner", "Assembly-CSharp-Editor.csproj", "{0BDFA16C-F5EC-D9D8-E2F5-A9278EDA665B}"
EndProject
Global
	GlobalSection(SolutionConfigurationPlatforms) = preSolution
		Debug|Any CPU = Debug|Any CPU
		Release|Any CPU = Release|Any CPU
	EndGlobalSection
	GlobalSection(ProjectConfigurationPlatforms) = postSolution
		{F1AFA355-5BE1-15B6-DB91-B5491633AFD3}.Debug|Any CPU.ActiveCfg = Debug|Any CPU
		{F1AFA355-5BE1-15B6-DB91-B5491633AFD3}.Debug|Any CPU.Build.0 = Debug|Any CPU
		{F1AFA355-5BE1-15B6-DB91-B5491633AFD3}.Release|Any CPU.ActiveCfg = Release|Any CPU
		{F1AFA355-5BE1-15B6-DB91-B5491633AFD3}.Release|Any CPU.Build.0 = Release|Any CPU
		{0BDFA16C-F5EC-D9D8-E2F5-A9278EDA665B}.Debug|Any CPU.ActiveCfg = Debug|Any CPU
		{0BDFA16C-F5EC-D9D8-E2F5-A9278EDA665B}.Debug|Any CPU.Build.0 = Debug|Any CPU
		{0BDFA16C-F5EC-D9D8-E2F5-A9278EDA665B}.Release|Any CPU.ActiveCfg = Release|Any CPU
		{0BDFA16C-F5EC-D9D8-E2F5-A9278EDA665B}.Release|Any CPU.Build.0 = Release|Any CPU
	EndGlobalSection
	GlobalSection(SolutionProperties) = preSolution
		HideSolutionNode = FALSE
	EndGlobalSection
	GlobalSection(MonoDevelopProperties) = preSolution
		StartupItem = Assembly-CSharp.csproj
	EndGlobalSection
EndGlobal
