
Microsoft Visual Studio Solution File, Format Version 12.00
# Visual Studio 15
VisualStudioVersion = 15.0.26127.0
MinimumVisualStudioVersion = 10.0.40219.1
Project("{FAE04EC0-301F-11D3-BF4B-00C04F79EFBC}") = "CVAlgorithm", "CVAlgorithm\CVAlgorithm.csproj", "{50A08410-9811-4AC4-A454-4C23AD79EF3E}"
EndProject
Project("{FAE04EC0-301F-11D3-BF4B-00C04F79EFBC}") = "Senior Design.Plugins", "UnityPlugin\Senior Design.Plugins.csproj", "{E6F2CF46-4140-6779-447B-FD04F5FC84BE}"
EndProject
Project("{FAE04EC0-301F-11D3-BF4B-00C04F79EFBC}") = "CameraIO", "CameraIO\CameraIO.csproj", "{C4935E5B-8767-4E02-A51D-088A7C71F161}"
EndProject
Global
	GlobalSection(SolutionConfigurationPlatforms) = preSolution
		Debug|Any CPU = Debug|Any CPU
		Release|Any CPU = Release|Any CPU
	EndGlobalSection
	GlobalSection(ProjectConfigurationPlatforms) = postSolution
		{50A08410-9811-4AC4-A454-4C23AD79EF3E}.Debug|Any CPU.ActiveCfg = Debug|Any CPU
		{50A08410-9811-4AC4-A454-4C23AD79EF3E}.Debug|Any CPU.Build.0 = Debug|Any CPU
		{50A08410-9811-4AC4-A454-4C23AD79EF3E}.Release|Any CPU.ActiveCfg = Release|Any CPU
		{50A08410-9811-4AC4-A454-4C23AD79EF3E}.Release|Any CPU.Build.0 = Release|Any CPU
		{E6F2CF46-4140-6779-447B-FD04F5FC84BE}.Debug|Any CPU.ActiveCfg = Debug|Any CPU
		{E6F2CF46-4140-6779-447B-FD04F5FC84BE}.Debug|Any CPU.Build.0 = Debug|Any CPU
		{E6F2CF46-4140-6779-447B-FD04F5FC84BE}.Release|Any CPU.ActiveCfg = Release|Any CPU
		{E6F2CF46-4140-6779-447B-FD04F5FC84BE}.Release|Any CPU.Build.0 = Release|Any CPU
		{C4935E5B-8767-4E02-A51D-088A7C71F161}.Debug|Any CPU.ActiveCfg = Debug|Any CPU
		{C4935E5B-8767-4E02-A51D-088A7C71F161}.Debug|Any CPU.Build.0 = Debug|Any CPU
		{C4935E5B-8767-4E02-A51D-088A7C71F161}.Release|Any CPU.ActiveCfg = Release|Any CPU
		{C4935E5B-8767-4E02-A51D-088A7C71F161}.Release|Any CPU.Build.0 = Release|Any CPU
	EndGlobalSection
	GlobalSection(SolutionProperties) = preSolution
		HideSolutionNode = FALSE
	EndGlobalSection
EndGlobal
